
Microsoft Visual Studio Solution File, Format Version 12.00
# Visual Studio Version 17
VisualStudioVersion = 17.6.33723.286
MinimumVisualStudioVersion = 10.0.40219.1
Project("{FAE04EC0-301F-11D3-BF4B-00C04F79EFBC}") = "Week2_ShoppingCart", "Week2_ShoppingCart\Week2_ShoppingCart.csproj", "{563E273D-D886-41F1-B5EB-CC91A13C4DDC}"
EndProject
Global
	GlobalSection(SolutionConfigurationPlatforms) = preSolution
		Debug|Any CPU = Debug|Any CPU
		Release|Any CPU = Release|Any CPU
	EndGlobalSection
	GlobalSection(ProjectConfigurationPlatforms) = postSolution
		{563E273D-D886-41F1-B5EB-CC91A13C4DDC}.Debug|Any CPU.ActiveCfg = Debug|Any CPU
		{563E273D-D886-41F1-B5EB-CC91A13C4DDC}.Debug|Any CPU.Build.0 = Debug|Any CPU
		{563E273D-D886-41F1-B5EB-CC91A13C4DDC}.Release|Any CPU.ActiveCfg = Release|Any CPU
		{563E273D-D886-41F1-B5EB-CC91A13C4DDC}.Release|Any CPU.Build.0 = Release|Any CPU
	EndGlobalSection
	GlobalSection(SolutionProperties) = preSolution
		HideSolutionNode = FALSE
	EndGlobalSection
	GlobalSection(ExtensibilityGlobals) = postSolution
		SolutionGuid = {24A2D50B-647E-4C05-AB7B-A479E785DDB6}
	EndGlobalSection
EndGlobal
